
Microsoft Visual Studio Solution File, Format Version 12.00
# Visual Studio Version 17
VisualStudioVersion = 17.8.34525.116
MinimumVisualStudioVersion = 10.0.40219.1
Project("{FAE04EC0-301F-11D3-BF4B-00C04F79EFBC}") = "Exercicio04", "Exercicio04\Exercicio04.csproj", "{DCC64998-ABE5-4DD9-9966-7681C9383DEC}"
EndProject
Global
	GlobalSection(SolutionConfigurationPlatforms) = preSolution
		Debug|Any CPU = Debug|Any CPU
		Release|Any CPU = Release|Any CPU
	EndGlobalSection
	GlobalSection(ProjectConfigurationPlatforms) = postSolution
		{DCC64998-ABE5-4DD9-9966-7681C9383DEC}.Debug|Any CPU.ActiveCfg = Debug|Any CPU
		{DCC64998-ABE5-4DD9-9966-7681C9383DEC}.Debug|Any CPU.Build.0 = Debug|Any CPU
		{DCC64998-ABE5-4DD9-9966-7681C9383DEC}.Release|Any CPU.ActiveCfg = Release|Any CPU
		{DCC64998-ABE5-4DD9-9966-7681C9383DEC}.Release|Any CPU.Build.0 = Release|Any CPU
	EndGlobalSection
	GlobalSection(SolutionProperties) = preSolution
		HideSolutionNode = FALSE
	EndGlobalSection
	GlobalSection(ExtensibilityGlobals) = postSolution
		SolutionGuid = {5B3AD23F-BA58-470B-929B-AB20FD686F50}
	EndGlobalSection
EndGlobal
