
Microsoft Visual Studio Solution File, Format Version 12.00
# Visual Studio Version 17
VisualStudioVersion = 17.5.002.0
MinimumVisualStudioVersion = 10.0.40219.1
Project("{9A19103F-16F7-4668-BE54-9A1E7A4F7556}") = "Exercicio6", "Exercicio6.csproj", "{D908055C-44C6-40C6-AFFD-2633B8ED0FC3}"
EndProject
Global
	GlobalSection(SolutionConfigurationPlatforms) = preSolution
		Debug|Any CPU = Debug|Any CPU
		Release|Any CPU = Release|Any CPU
	EndGlobalSection
	GlobalSection(ProjectConfigurationPlatforms) = postSolution
		{D908055C-44C6-40C6-AFFD-2633B8ED0FC3}.Debug|Any CPU.ActiveCfg = Debug|Any CPU
		{D908055C-44C6-40C6-AFFD-2633B8ED0FC3}.Debug|Any CPU.Build.0 = Debug|Any CPU
		{D908055C-44C6-40C6-AFFD-2633B8ED0FC3}.Release|Any CPU.ActiveCfg = Release|Any CPU
		{D908055C-44C6-40C6-AFFD-2633B8ED0FC3}.Release|Any CPU.Build.0 = Release|Any CPU
	EndGlobalSection
	GlobalSection(SolutionProperties) = preSolution
		HideSolutionNode = FALSE
	EndGlobalSection
	GlobalSection(ExtensibilityGlobals) = postSolution
		SolutionGuid = {CB0F13D8-2506-4D2D-BC58-0D21A6DCFDDF}
	EndGlobalSection
EndGlobal
